{
  "requires": true,
  "lockfileVersion": 1,
  "dependencies": {
    "foundation-sites": {
      "version": "6.5.0-rc.2",
      "resolved": "https://registry.npmjs.org/foundation-sites/-/foundation-sites-6.5.0-rc.2.tgz",
      "integrity": "sha512-xpd2z17P3tPFu5PLabl5yHFGGc3UqqRLMJlnth3SnY1vhptdYXcSuVQ9KggU9CC8tGEz4AqGBrL4xbKm721epg=="
    }
  }
}
